
Microsoft Visual Studio Solution File, Format Version 12.00
# Visual Studio Version 18
VisualStudioVersion = 18.0.11222.15 d18.0
MinimumVisualStudioVersion = 10.0.40219.1
Project("{FAE04EC0-301F-11D3-BF4B-00C04F79EFBC}") = "EasyZoning", "src\EasyZoning.csproj", "{AE7D9D7C-C15A-53C8-6B2C-65C7951E0F0C}"
EndProject
Project("{2150E333-8FDC-42A3-9474-1A3956D46DE8}") = "Solution Items", "Solution Items", "{02EA681E-C7D8-13C7-8484-4AC65E1B71E8}"
	ProjectSection(SolutionItems) = preProject
		.editorconfig = .editorconfig
		.gitattributes = .gitattributes
		.gitignore = .gitignore
		LICENSE = LICENSE
		README.md = README.md
	EndProjectSection
EndProject
Global
	GlobalSection(SolutionConfigurationPlatforms) = preSolution
		Debug|Any CPU = Debug|Any CPU
		Release|Any CPU = Release|Any CPU
	EndGlobalSection
	GlobalSection(ProjectConfigurationPlatforms) = postSolution
		{AE7D9D7C-C15A-53C8-6B2C-65C7951E0F0C}.Debug|Any CPU.ActiveCfg = Debug|Any CPU
		{AE7D9D7C-C15A-53C8-6B2C-65C7951E0F0C}.Debug|Any CPU.Build.0 = Debug|Any CPU
		{AE7D9D7C-C15A-53C8-6B2C-65C7951E0F0C}.Release|Any CPU.ActiveCfg = Release|Any CPU
		{AE7D9D7C-C15A-53C8-6B2C-65C7951E0F0C}.Release|Any CPU.Build.0 = Release|Any CPU
	EndGlobalSection
	GlobalSection(SolutionProperties) = preSolution
		HideSolutionNode = FALSE
	EndGlobalSection
	GlobalSection(ExtensibilityGlobals) = postSolution
		SolutionGuid = {2208F120-CC5C-4840-BD5B-10655CCDC699}
	EndGlobalSection
EndGlobal
